
Microsoft Visual Studio Solution File, Format Version 12.00
# Visual Studio Version 17
VisualStudioVersion = 17.3.32811.315
MinimumVisualStudioVersion = 10.0.40219.1
Project("{8BC9CEB8-8B4A-11D0-8D11-00A0C91BC942}") = "autodiff_lib", "autodiff_lib\autodiff_lib.vcxproj", "{BFB86F8A-9971-452C-B784-442CEAA16933}"
EndProject
Global
	GlobalSection(SolutionConfigurationPlatforms) = preSolution
		Debug|x64 = Debug|x64
		Debug|x86 = Debug|x86
		Release|x64 = Release|x64
		Release|x86 = Release|x86
	EndGlobalSection
	GlobalSection(ProjectConfigurationPlatforms) = postSolution
		{BFB86F8A-9971-452C-B784-442CEAA16933}.Debug|x64.ActiveCfg = Debug|x64
		{BFB86F8A-9971-452C-B784-442CEAA16933}.Debug|x64.Build.0 = Debug|x64
		{BFB86F8A-9971-452C-B784-442CEAA16933}.Debug|x86.ActiveCfg = Debug|Win32
		{BFB86F8A-9971-452C-B784-442CEAA16933}.Debug|x86.Build.0 = Debug|Win32
		{BFB86F8A-9971-452C-B784-442CEAA16933}.Release|x64.ActiveCfg = Release|x64
		{BFB86F8A-9971-452C-B784-442CEAA16933}.Release|x64.Build.0 = Release|x64
		{BFB86F8A-9971-452C-B784-442CEAA16933}.Release|x86.ActiveCfg = Release|Win32
		{BFB86F8A-9971-452C-B784-442CEAA16933}.Release|x86.Build.0 = Release|Win32
	EndGlobalSection
	GlobalSection(SolutionProperties) = preSolution
		HideSolutionNode = FALSE
	EndGlobalSection
	GlobalSection(ExtensibilityGlobals) = postSolution
		SolutionGuid = {34683800-7AFF-4418-87FE-0DB827467912}
	EndGlobalSection
EndGlobal
